
Microsoft Visual Studio Solution File, Format Version 12.00
# Visual Studio 15
VisualStudioVersion = 15.0.28307.705
MinimumVisualStudioVersion = 10.0.40219.1
Project("{FAE04EC0-301F-11D3-BF4B-00C04F79EFBC}") = "Day1", "Day1\Day1.csproj", "{BD16F578-019C-4283-9E88-0F60549D1158}"
EndProject
Global
	GlobalSection(SolutionConfigurationPlatforms) = preSolution
		Debug|Any CPU = Debug|Any CPU
		Release|Any CPU = Release|Any CPU
	EndGlobalSection
	GlobalSection(ProjectConfigurationPlatforms) = postSolution
		{BD16F578-019C-4283-9E88-0F60549D1158}.Debug|Any CPU.ActiveCfg = Debug|Any CPU
		{BD16F578-019C-4283-9E88-0F60549D1158}.Debug|Any CPU.Build.0 = Debug|Any CPU
		{BD16F578-019C-4283-9E88-0F60549D1158}.Release|Any CPU.ActiveCfg = Release|Any CPU
		{BD16F578-019C-4283-9E88-0F60549D1158}.Release|Any CPU.Build.0 = Release|Any CPU
	EndGlobalSection
	GlobalSection(SolutionProperties) = preSolution
		HideSolutionNode = FALSE
	EndGlobalSection
	GlobalSection(ExtensibilityGlobals) = postSolution
		SolutionGuid = {D8E0FD26-EABE-41F6-9719-239C91F17884}
	EndGlobalSection
EndGlobal
